
Microsoft Visual Studio Solution File, Format Version 12.00
# Visual Studio Version 17
VisualStudioVersion = 17.11.35208.52
MinimumVisualStudioVersion = 10.0.40219.1
Project("{FAE04EC0-301F-11D3-BF4B-00C04F79EFBC}") = "BancoDoacaoDeSangue.App", "BloodDonationConsole.App\BancoDoacaoDeSangue.App.csproj", "{2D871677-C4E1-4B0C-8098-9A64B3F6D4EE}"
EndProject
Global
	GlobalSection(SolutionConfigurationPlatforms) = preSolution
		Debug|Any CPU = Debug|Any CPU
		Release|Any CPU = Release|Any CPU
	EndGlobalSection
	GlobalSection(ProjectConfigurationPlatforms) = postSolution
		{2D871677-C4E1-4B0C-8098-9A64B3F6D4EE}.Debug|Any CPU.ActiveCfg = Debug|Any CPU
		{2D871677-C4E1-4B0C-8098-9A64B3F6D4EE}.Debug|Any CPU.Build.0 = Debug|Any CPU
		{2D871677-C4E1-4B0C-8098-9A64B3F6D4EE}.Release|Any CPU.ActiveCfg = Release|Any CPU
		{2D871677-C4E1-4B0C-8098-9A64B3F6D4EE}.Release|Any CPU.Build.0 = Release|Any CPU
	EndGlobalSection
	GlobalSection(SolutionProperties) = preSolution
		HideSolutionNode = FALSE
	EndGlobalSection
	GlobalSection(ExtensibilityGlobals) = postSolution
		SolutionGuid = {721B9A31-F137-4CD6-98FA-883B2565324C}
	EndGlobalSection
EndGlobal
